
Microsoft Visual Studio Solution File, Format Version 12.00
# Visual Studio Version 16
VisualStudioVersion = 25.0.1705.3
MinimumVisualStudioVersion = 10.0.40219.1
Project("{FAE04EC0-301F-11D3-BF4B-00C04F79EFBC}") = "comanda-backend", "comanda-backend\comanda-backend.csproj", "{D846C15B-C97C-4F08-8113-0AF410A5729B}"
EndProject
Project("{FAE04EC0-301F-11D3-BF4B-00C04F79EFBC}") = "comanda-backend.Domain", "comanda-backend.Domain\comanda-backend.Domain.csproj", "{6ED4B2FB-F309-4F62-A11E-36BFF14A5E8D}"
EndProject
Project("{FAE04EC0-301F-11D3-BF4B-00C04F79EFBC}") = "comanda-backend.Business", "comanda-backend.Business\comanda-backend.Business.csproj", "{94519641-FA1B-4805-A329-316DA5B3434A}"
EndProject
Project("{FAE04EC0-301F-11D3-BF4B-00C04F79EFBC}") = "comanda-backend.Data", "comanda-backend.Data\comanda-backend.Data.csproj", "{C4D3DD15-DF1B-43EA-BB74-351D4E1E33F5}"
EndProject
Global
	GlobalSection(SolutionConfigurationPlatforms) = preSolution
		Debug|Any CPU = Debug|Any CPU
		Release|Any CPU = Release|Any CPU
	EndGlobalSection
	GlobalSection(ProjectConfigurationPlatforms) = postSolution
		{D846C15B-C97C-4F08-8113-0AF410A5729B}.Debug|Any CPU.ActiveCfg = Debug|Any CPU
		{D846C15B-C97C-4F08-8113-0AF410A5729B}.Debug|Any CPU.Build.0 = Debug|Any CPU
		{D846C15B-C97C-4F08-8113-0AF410A5729B}.Release|Any CPU.ActiveCfg = Release|Any CPU
		{D846C15B-C97C-4F08-8113-0AF410A5729B}.Release|Any CPU.Build.0 = Release|Any CPU
		{6ED4B2FB-F309-4F62-A11E-36BFF14A5E8D}.Debug|Any CPU.ActiveCfg = Debug|Any CPU
		{6ED4B2FB-F309-4F62-A11E-36BFF14A5E8D}.Debug|Any CPU.Build.0 = Debug|Any CPU
		{6ED4B2FB-F309-4F62-A11E-36BFF14A5E8D}.Release|Any CPU.ActiveCfg = Release|Any CPU
		{6ED4B2FB-F309-4F62-A11E-36BFF14A5E8D}.Release|Any CPU.Build.0 = Release|Any CPU
		{94519641-FA1B-4805-A329-316DA5B3434A}.Debug|Any CPU.ActiveCfg = Debug|Any CPU
		{94519641-FA1B-4805-A329-316DA5B3434A}.Debug|Any CPU.Build.0 = Debug|Any CPU
		{94519641-FA1B-4805-A329-316DA5B3434A}.Release|Any CPU.ActiveCfg = Release|Any CPU
		{94519641-FA1B-4805-A329-316DA5B3434A}.Release|Any CPU.Build.0 = Release|Any CPU
		{C4D3DD15-DF1B-43EA-BB74-351D4E1E33F5}.Debug|Any CPU.ActiveCfg = Debug|Any CPU
		{C4D3DD15-DF1B-43EA-BB74-351D4E1E33F5}.Debug|Any CPU.Build.0 = Debug|Any CPU
		{C4D3DD15-DF1B-43EA-BB74-351D4E1E33F5}.Release|Any CPU.ActiveCfg = Release|Any CPU
		{C4D3DD15-DF1B-43EA-BB74-351D4E1E33F5}.Release|Any CPU.Build.0 = Release|Any CPU
	EndGlobalSection
	GlobalSection(SolutionProperties) = preSolution
		HideSolutionNode = FALSE
	EndGlobalSection
	GlobalSection(ExtensibilityGlobals) = postSolution
		SolutionGuid = {9CDFCC5B-66F9-4DEC-AD58-4ECDD513E945}
	EndGlobalSection
EndGlobal
